
Microsoft Visual Studio Solution File, Format Version 12.00
# Visual Studio Version 17
VisualStudioVersion = 17.12.35707.178 d17.12
MinimumVisualStudioVersion = 10.0.40219.1
Project("{FAE04EC0-301F-11D3-BF4B-00C04F79EFBC}") = "ArchivioIncantesimi", "ArchivioIncantesimi\ArchivioIncantesimi.csproj", "{137A04EF-970D-4A92-B864-7460907A9BC3}"
EndProject
Project("{FAE04EC0-301F-11D3-BF4B-00C04F79EFBC}") = "ArchivioIncantesimiLib", "ArchivioIncantesimiLib\ArchivioIncantesimiLib.csproj", "{8C9F33CB-2891-4243-B3CB-38FD55973B98}"
EndProject
Global
	GlobalSection(SolutionConfigurationPlatforms) = preSolution
		Debug|Any CPU = Debug|Any CPU
		Release|Any CPU = Release|Any CPU
	EndGlobalSection
	GlobalSection(ProjectConfigurationPlatforms) = postSolution
		{137A04EF-970D-4A92-B864-7460907A9BC3}.Debug|Any CPU.ActiveCfg = Debug|Any CPU
		{137A04EF-970D-4A92-B864-7460907A9BC3}.Debug|Any CPU.Build.0 = Debug|Any CPU
		{137A04EF-970D-4A92-B864-7460907A9BC3}.Release|Any CPU.ActiveCfg = Release|Any CPU
		{137A04EF-970D-4A92-B864-7460907A9BC3}.Release|Any CPU.Build.0 = Release|Any CPU
		{8C9F33CB-2891-4243-B3CB-38FD55973B98}.Debug|Any CPU.ActiveCfg = Debug|Any CPU
		{8C9F33CB-2891-4243-B3CB-38FD55973B98}.Debug|Any CPU.Build.0 = Debug|Any CPU
		{8C9F33CB-2891-4243-B3CB-38FD55973B98}.Release|Any CPU.ActiveCfg = Release|Any CPU
		{8C9F33CB-2891-4243-B3CB-38FD55973B98}.Release|Any CPU.Build.0 = Release|Any CPU
	EndGlobalSection
	GlobalSection(SolutionProperties) = preSolution
		HideSolutionNode = FALSE
	EndGlobalSection
EndGlobal
